// !$*UTF8*$!
{
	archiveVersion = 1;
	classes = {
	};
	objectVersion = 46;
	objects = {

/* Begin PBXBuildFile section */
		C4A094E414CC3E7500C6B5BB /* UIKit.framework in Frameworks */ = {isa = PBXBuildFile; fileRef = C4A094E314CC3E7500C6B5BB /* UIKit.framework */; };
		C4A094E614CC3E7500C6B5BB /* Foundation.framework in Frameworks */ = {isa = PBXBuildFile; fileRef = C4A094E514CC3E7500C6B5BB /* Foundation.framework */; };
		C4A094E814CC3E7500C6B5BB /* CoreGraphics.framework in Frameworks */ = {isa = PBXBuildFile; fileRef = C4A094E714CC3E7500C6B5BB /* CoreGraphics.framework */; };
		C4A094EE14CC3E7500C6B5BB /* InfoPlist.strings in Resources */ = {isa = PBXBuildFile; fileRef = C4A094EC14CC3E7500C6B5BB /* InfoPlist.strings */; };
		C4A094F014CC3E7500C6B5BB /* main.m in Sources */ = {isa = PBXBuildFile; fileRef = C4A094EF14CC3E7500C6B5BB /* main.m */; };
		C4A094F414CC3E7500C6B5BB /* WSLAppDelegate.m in Sources */ = {isa = PBXBuildFile; fileRef = C4A094F314CC3E7500C6B5BB /* WSLAppDelegate.m */; };
		C4A094F714CC3E7500C6B5BB /* MainStoryboard.storyboard in Resources */ = {isa = PBXBuildFile; fileRef = C4A094F514CC3E7500C6B5BB /* MainStoryboard.storyboard */; };
		C4A094FA14CC3E7500C6B5BB /* WSLMainViewController.m in Sources */ = {isa = PBXBuildFile; fileRef = C4A094F914CC3E7500C6B5BB /* WSLMainViewController.m */; };
		C4A0950814CC3EF500C6B5BB /* UIActionSheetAutoDismiss.m in Sources */ = {isa = PBXBuildFile; fileRef = C4A0950514CC3EF500C6B5BB /* UIActionSheetAutoDismiss.m */; settings = {COMPILER_FLAGS = "-fno-objc-arc"; }; };
		C4A0950914CC3EF500C6B5BB /* UIAlertViewAutoDismiss.m in Sources */ = {isa = PBXBuildFile; fileRef = C4A0950714CC3EF500C6B5BB /* UIAlertViewAutoDismiss.m */; settings = {COMPILER_FLAGS = "-fno-objc-arc"; }; };
/* End PBXBuildFile section */

/* Begin PBXFileReference section */
		C4A094DF14CC3E7500C6B5BB /* WSLViewAutoDismissDemo.app */ = {isa = PBXFileReference; explicitFileType = wrapper.application; includeInIndex = 0; path = WSLViewAutoDismissDemo.app; sourceTree = BUILT_PRODUCTS_DIR; };
		C4A094E314CC3E7500C6B5BB /* UIKit.framework */ = {isa = PBXFileReference; lastKnownFileType = wrapper.framework; name = UIKit.framework; path = System/Library/Frameworks/UIKit.framework; sourceTree = SDKROOT; };
		C4A094E514CC3E7500C6B5BB /* Foundation.framework */ = {isa = PBXFileReference; lastKnownFileType = wrapper.framework; name = Foundation.framework; path = System/Library/Frameworks/Foundation.framework; sourceTree = SDKROOT; };
		C4A094E714CC3E7500C6B5BB /* CoreGraphics.framework */ = {isa = PBXFileReference; lastKnownFileType = wrapper.framework; name = CoreGraphics.framework; path = System/Library/Frameworks/CoreGraphics.framework; sourceTree = SDKROOT; };
		C4A094EB14CC3E7500C6B5BB /* WSLViewAutoDismissDemo-Info.plist */ = {isa = PBXFileReference; lastKnownFileType = text.plist.xml; path = "WSLViewAutoDismissDemo-Info.plist"; sourceTree = "<group>"; };
		C4A094ED14CC3E7500C6B5BB /* en */ = {isa = PBXFileReference; lastKnownFileType = text.plist.strings; name = en; path = en.lproj/InfoPlist.strings; sourceTree = "<group>"; };
		C4A094EF14CC3E7500C6B5BB /* main.m */ = {isa = PBXFileReference; lastKnownFileType = sourcecode.c.objc; path = main.m; sourceTree = "<group>"; };
		C4A094F114CC3E7500C6B5BB /* WSLViewAutoDismissDemo-Prefix.pch */ = {isa = PBXFileReference; lastKnownFileType = sourcecode.c.h; path = "WSLViewAutoDismissDemo-Prefix.pch"; sourceTree = "<group>"; };
		C4A094F214CC3E7500C6B5BB /* WSLAppDelegate.h */ = {isa = PBXFileReference; lastKnownFileType = sourcecode.c.h; path = WSLAppDelegate.h; sourceTree = "<group>"; };
		C4A094F314CC3E7500C6B5BB /* WSLAppDelegate.m */ = {isa = PBXFileReference; lastKnownFileType = sourcecode.c.objc; path = WSLAppDelegate.m; sourceTree = "<group>"; };
		C4A094F614CC3E7500C6B5BB /* en */ = {isa = PBXFileReference; lastKnownFileType = file.storyboard; name = en; path = en.lproj/MainStoryboard.storyboard; sourceTree = "<group>"; };
		C4A094F814CC3E7500C6B5BB /* WSLMainViewController.h */ = {isa = PBXFileReference; lastKnownFileType = sourcecode.c.h; path = WSLMainViewController.h; sourceTree = "<group>"; };
		C4A094F914CC3E7500C6B5BB /* WSLMainViewController.m */ = {isa = PBXFileReference; lastKnownFileType = sourcecode.c.objc; path = WSLMainViewController.m; sourceTree = "<group>"; };
		C4A0950414CC3EF500C6B5BB /* UIActionSheetAutoDismiss.h */ = {isa = PBXFileReference; fileEncoding = 4; lastKnownFileType = sourcecode.c.h; name = UIActionSheetAutoDismiss.h; path = ../UIActionSheetAutoDismiss.h; sourceTree = "<group>"; };
		C4A0950514CC3EF500C6B5BB /* UIActionSheetAutoDismiss.m */ = {isa = PBXFileReference; fileEncoding = 4; lastKnownFileType = sourcecode.c.objc; name = UIActionSheetAutoDismiss.m; path = ../UIActionSheetAutoDismiss.m; sourceTree = "<group>"; };
		C4A0950614CC3EF500C6B5BB /* UIAlertViewAutoDismiss.h */ = {isa = PBXFileReference; fileEncoding = 4; lastKnownFileType = sourcecode.c.h; name = UIAlertViewAutoDismiss.h; path = ../UIAlertViewAutoDismiss.h; sourceTree = "<group>"; };
		C4A0950714CC3EF500C6B5BB /* UIAlertViewAutoDismiss.m */ = {isa = PBXFileReference; fileEncoding = 4; lastKnownFileType = sourcecode.c.objc; name = UIAlertViewAutoDismiss.m; path = ../UIAlertViewAutoDismiss.m; sourceTree = "<group>"; };
/* End PBXFileReference section */

/* Begin PBXFrameworksBuildPhase section */
		C4A094DC14CC3E7500C6B5BB /* Frameworks */ = {
			isa = PBXFrameworksBuildPhase;
			buildActionMask = 2147483647;
			files = (
				C4A094E414CC3E7500C6B5BB /* UIKit.framework in Frameworks */,
				C4A094E614CC3E7500C6B5BB /* Foundation.framework in Frameworks */,
				C4A094E814CC3E7500C6B5BB /* CoreGraphics.framework in Frameworks */,
			);
			runOnlyForDeploymentPostprocessing = 0;
		};
/* End PBXFrameworksBuildPhase section */

/* Begin PBXGroup section */
		C4A094D414CC3E7500C6B5BB = {
			isa = PBXGroup;
			children = (
				C4A0950314CC3E7E00C6B5BB /* WSLViewAutoDismiss */,
				C4A094E914CC3E7500C6B5BB /* WSLViewAutoDismissDemo */,
				C4A094E214CC3E7500C6B5BB /* Frameworks */,
				C4A094E014CC3E7500C6B5BB /* Products */,
			);
			sourceTree = "<group>";
		};
		C4A094E014CC3E7500C6B5BB /* Products */ = {
			isa = PBXGroup;
			children = (
				C4A094DF14CC3E7500C6B5BB /* WSLViewAutoDismissDemo.app */,
			);
			name = Products;
			sourceTree = "<group>";
		};
		C4A094E214CC3E7500C6B5BB /* Frameworks */ = {
			isa = PBXGroup;
			children = (
				C4A094E314CC3E7500C6B5BB /* UIKit.framework */,
				C4A094E514CC3E7500C6B5BB /* Foundation.framework */,
				C4A094E714CC3E7500C6B5BB /* CoreGraphics.framework */,
			);
			name = Frameworks;
			sourceTree = "<group>";
		};
		C4A094E914CC3E7500C6B5BB /* WSLViewAutoDismissDemo */ = {
			isa = PBXGroup;
			children = (
				C4A094F214CC3E7500C6B5BB /* WSLAppDelegate.h */,
				C4A094F314CC3E7500C6B5BB /* WSLAppDelegate.m */,
				C4A094F514CC3E7500C6B5BB /* MainStoryboard.storyboard */,
				C4A094F814CC3E7500C6B5BB /* WSLMainViewController.h */,
				C4A094F914CC3E7500C6B5BB /* WSLMainViewController.m */,
				C4A094EA14CC3E7500C6B5BB /* Supporting Files */,
			);
			path = WSLViewAutoDismissDemo;
			sourceTree = "<group>";
		};
		C4A094EA14CC3E7500C6B5BB /* Supporting Files */ = {
			isa = PBXGroup;
			children = (
				C4A094EB14CC3E7500C6B5BB /* WSLViewAutoDismissDemo-Info.plist */,
				C4A094EC14CC3E7500C6B5BB /* InfoPlist.strings */,
				C4A094EF14CC3E7500C6B5BB /* main.m */,
				C4A094F114CC3E7500C6B5BB /* WSLViewAutoDismissDemo-Prefix.pch */,
			);
			name = "Supporting Files";
			sourceTree = "<group>";
		};
		C4A0950314CC3E7E00C6B5BB /* WSLViewAutoDismiss */ = {
			isa = PBXGroup;
			children = (
				C4A0950414CC3EF500C6B5BB /* UIActionSheetAutoDismiss.h */,
				C4A0950514CC3EF500C6B5BB /* UIActionSheetAutoDismiss.m */,
				C4A0950614CC3EF500C6B5BB /* UIAlertViewAutoDismiss.h */,
				C4A0950714CC3EF500C6B5BB /* UIAlertViewAutoDismiss.m */,
			);
			name = WSLViewAutoDismiss;
			sourceTree = "<group>";
		};
/* End PBXGroup section */

/* Begin PBXNativeTarget section */
		C4A094DE14CC3E7500C6B5BB /* WSLViewAutoDismissDemo */ = {
			isa = PBXNativeTarget;
			buildConfigurationList = C4A0950014CC3E7500C6B5BB /* Build configuration list for PBXNativeTarget "WSLViewAutoDismissDemo" */;
			buildPhases = (
				C4A094DB14CC3E7500C6B5BB /* Sources */,
				C4A094DC14CC3E7500C6B5BB /* Frameworks */,
				C4A094DD14CC3E7500C6B5BB /* Resources */,
			);
			buildRules = (
			);
			dependencies = (
			);
			name = WSLViewAutoDismissDemo;
			productName = WSLViewAutoDismissDemo;
			productReference = C4A094DF14CC3E7500C6B5BB /* WSLViewAutoDismissDemo.app */;
			productType = "com.apple.product-type.application";
		};
/* End PBXNativeTarget section */

/* Begin PBXProject section */
		C4A094D614CC3E7500C6B5BB /* Project object */ = {
			isa = PBXProject;
			attributes = {
				LastUpgradeCheck = 0420;
				ORGANIZATIONNAME = "Wandle Software Limited";
			};
			buildConfigurationList = C4A094D914CC3E7500C6B5BB /* Build configuration list for PBXProject "WSLViewAutoDismissDemo" */;
			compatibilityVersion = "Xcode 3.2";
			developmentRegion = English;
			hasScannedForEncodings = 0;
			knownRegions = (
				en,
			);
			mainGroup = C4A094D414CC3E7500C6B5BB;
			productRefGroup = C4A094E014CC3E7500C6B5BB /* Products */;
			projectDirPath = "";
			projectRoot = "";
			targets = (
				C4A094DE14CC3E7500C6B5BB /* WSLViewAutoDismissDemo */,
			);
		};
/* End PBXProject section */

/* Begin PBXResourcesBuildPhase section */
		C4A094DD14CC3E7500C6B5BB /* Resources */ = {
			isa = PBXResourcesBuildPhase;
			buildActionMask = 2147483647;
			files = (
				C4A094EE14CC3E7500C6B5BB /* InfoPlist.strings in Resources */,
				C4A094F714CC3E7500C6B5BB /* MainStoryboard.storyboard in Resources */,
			);
			runOnlyForDeploymentPostprocessing = 0;
		};
/* End PBXResourcesBuildPhase section */

/* Begin PBXSourcesBuildPhase section */
		C4A094DB14CC3E7500C6B5BB /* Sources */ = {
			isa = PBXSourcesBuildPhase;
			buildActionMask = 2147483647;
			files = (
				C4A094F014CC3E7500C6B5BB /* main.m in Sources */,
				C4A094F414CC3E7500C6B5BB /* WSLAppDelegate.m in Sources */,
				C4A094FA14CC3E7500C6B5BB /* WSLMainViewController.m in Sources */,
				C4A0950814CC3EF500C6B5BB /* UIActionSheetAutoDismiss.m in Sources */,
				C4A0950914CC3EF500C6B5BB /* UIAlertViewAutoDismiss.m in Sources */,
			);
			runOnlyForDeploymentPostprocessing = 0;
		};
/* End PBXSourcesBuildPhase section */

/* Begin PBXVariantGroup section */
		C4A094EC14CC3E7500C6B5BB /* InfoPlist.strings */ = {
			isa = PBXVariantGroup;
			children = (
				C4A094ED14CC3E7500C6B5BB /* en */,
			);
			name = InfoPlist.strings;
			sourceTree = "<group>";
		};
		C4A094F514CC3E7500C6B5BB /* MainStoryboard.storyboard */ = {
			isa = PBXVariantGroup;
			children = (
				C4A094F614CC3E7500C6B5BB /* en */,
			);
			name = MainStoryboard.storyboard;
			sourceTree = "<group>";
		};
/* End PBXVariantGroup section */

/* Begin XCBuildConfiguration section */
		C4A094FE14CC3E7500C6B5BB /* Debug */ = {
			isa = XCBuildConfiguration;
			buildSettings = {
				ALWAYS_SEARCH_USER_PATHS = NO;
				ARCHS = "$(ARCHS_STANDARD_32_BIT)";
				CLANG_ENABLE_OBJC_ARC = YES;
				"CODE_SIGN_IDENTITY[sdk=iphoneos*]" = "iPhone Developer";
				COPY_PHASE_STRIP = NO;
				GCC_C_LANGUAGE_STANDARD = gnu99;
				GCC_DYNAMIC_NO_PIC = NO;
				GCC_OPTIMIZATION_LEVEL = 0;
				GCC_PREPROCESSOR_DEFINITIONS = (
					"DEBUG=1",
					"$(inherited)",
				);
				GCC_SYMBOLS_PRIVATE_EXTERN = NO;
				GCC_VERSION = com.apple.compilers.llvm.clang.1_0;
				GCC_WARN_ABOUT_MISSING_PROTOTYPES = YES;
				GCC_WARN_ABOUT_RETURN_TYPE = YES;
				GCC_WARN_UNUSED_VARIABLE = YES;
				IPHONEOS_DEPLOYMENT_TARGET = 5.0;
				SDKROOT = iphoneos;
			};
			name = Debug;
		};
		C4A094FF14CC3E7500C6B5BB /* Release */ = {
			isa = XCBuildConfiguration;
			buildSettings = {
				ALWAYS_SEARCH_USER_PATHS = NO;
				ARCHS = "$(ARCHS_STANDARD_32_BIT)";
				CLANG_ENABLE_OBJC_ARC = YES;
				"CODE_SIGN_IDENTITY[sdk=iphoneos*]" = "iPhone Developer";
				COPY_PHASE_STRIP = YES;
				GCC_C_LANGUAGE_STANDARD = gnu99;
				GCC_VERSION = com.apple.compilers.llvm.clang.1_0;
				GCC_WARN_ABOUT_MISSING_PROTOTYPES = YES;
				GCC_WARN_ABOUT_RETURN_TYPE = YES;
				GCC_WARN_UNUSED_VARIABLE = YES;
				IPHONEOS_DEPLOYMENT_TARGET = 5.0;
				OTHER_CFLAGS = "-DNS_BLOCK_ASSERTIONS=1";
				SDKROOT = iphoneos;
				VALIDATE_PRODUCT = YES;
			};
			name = Release;
		};
		C4A0950114CC3E7500C6B5BB /* Debug */ = {
			isa = XCBuildConfiguration;
			buildSettings = {
				GCC_PRECOMPILE_PREFIX_HEADER = YES;
				GCC_PREFIX_HEADER = "WSLViewAutoDismissDemo/WSLViewAutoDismissDemo-Prefix.pch";
				INFOPLIST_FILE = "WSLViewAutoDismissDemo/WSLViewAutoDismissDemo-Info.plist";
				PRODUCT_NAME = "$(TARGET_NAME)";
				WRAPPER_EXTENSION = app;
			};
			name = Debug;
		};
		C4A0950214CC3E7500C6B5BB /* Release */ = {
			isa = XCBuildConfiguration;
			buildSettings = {
				GCC_PRECOMPILE_PREFIX_HEADER = YES;
				GCC_PREFIX_HEADER = "WSLViewAutoDismissDemo/WSLViewAutoDismissDemo-Prefix.pch";
				INFOPLIST_FILE = "WSLViewAutoDismissDemo/WSLViewAutoDismissDemo-Info.plist";
				PRODUCT_NAME = "$(TARGET_NAME)";
				WRAPPER_EXTENSION = app;
			};
			name = Release;
		};
/* End XCBuildConfiguration section */

/* Begin XCConfigurationList section */
		C4A094D914CC3E7500C6B5BB /* Build configuration list for PBXProject "WSLViewAutoDismissDemo" */ = {
			isa = XCConfigurationList;
			buildConfigurations = (
				C4A094FE14CC3E7500C6B5BB /* Debug */,
				C4A094FF14CC3E7500C6B5BB /* Release */,
			);
			defaultConfigurationIsVisible = 0;
			defaultConfigurationName = Release;
		};
		C4A0950014CC3E7500C6B5BB /* Build configuration list for PBXNativeTarget "WSLViewAutoDismissDemo" */ = {
			isa = XCConfigurationList;
			buildConfigurations = (
				C4A0950114CC3E7500C6B5BB /* Debug */,
				C4A0950214CC3E7500C6B5BB /* Release */,
			);
			defaultConfigurationIsVisible = 0;
		};
/* End XCConfigurationList section */
	};
	rootObject = C4A094D614CC3E7500C6B5BB /* Project object */;
}
